
Microsoft Visual Studio Solution File, Format Version 12.00
# Visual Studio Version 16
VisualStudioVersion = 16.0.30413.136
MinimumVisualStudioVersion = 10.0.40219.1
Project("{FAE04EC0-301F-11D3-BF4B-00C04F79EFBC}") = "S - Hjælp Jakob", "S - Hjælp Jakob\S - Hjælp Jakob.csproj", "{50B9C60E-A547-471D-A959-5F371CC77E0F}"
EndProject
Global
	GlobalSection(SolutionConfigurationPlatforms) = preSolution
		Debug|Any CPU = Debug|Any CPU
		Release|Any CPU = Release|Any CPU
	EndGlobalSection
	GlobalSection(ProjectConfigurationPlatforms) = postSolution
		{50B9C60E-A547-471D-A959-5F371CC77E0F}.Debug|Any CPU.ActiveCfg = Debug|Any CPU
		{50B9C60E-A547-471D-A959-5F371CC77E0F}.Debug|Any CPU.Build.0 = Debug|Any CPU
		{50B9C60E-A547-471D-A959-5F371CC77E0F}.Release|Any CPU.ActiveCfg = Release|Any CPU
		{50B9C60E-A547-471D-A959-5F371CC77E0F}.Release|Any CPU.Build.0 = Release|Any CPU
	EndGlobalSection
	GlobalSection(SolutionProperties) = preSolution
		HideSolutionNode = FALSE
	EndGlobalSection
	GlobalSection(ExtensibilityGlobals) = postSolution
		SolutionGuid = {7153043F-589C-4CCD-A777-7FE58DF4546D}
	EndGlobalSection
EndGlobal
